
Microsoft Visual Studio Solution File, Format Version 12.00
# Visual Studio 15
VisualStudioVersion = 15.0.28307.2092
MinimumVisualStudioVersion = 10.0.40219.1
Project("{8BC9CEB8-8B4A-11D0-8D11-00A0C91BC942}") = "hw3.19", "hw3.19\hw3.19.vcxproj", "{193224A2-B271-4BCA-ADA3-A3E726FF9219}"
EndProject
Global
	GlobalSection(SolutionConfigurationPlatforms) = preSolution
		Debug|x64 = Debug|x64
		Debug|x86 = Debug|x86
		Release|x64 = Release|x64
		Release|x86 = Release|x86
	EndGlobalSection
	GlobalSection(ProjectConfigurationPlatforms) = postSolution
		{193224A2-B271-4BCA-ADA3-A3E726FF9219}.Debug|x64.ActiveCfg = Debug|x64
		{193224A2-B271-4BCA-ADA3-A3E726FF9219}.Debug|x64.Build.0 = Debug|x64
		{193224A2-B271-4BCA-ADA3-A3E726FF9219}.Debug|x86.ActiveCfg = Debug|Win32
		{193224A2-B271-4BCA-ADA3-A3E726FF9219}.Debug|x86.Build.0 = Debug|Win32
		{193224A2-B271-4BCA-ADA3-A3E726FF9219}.Release|x64.ActiveCfg = Release|x64
		{193224A2-B271-4BCA-ADA3-A3E726FF9219}.Release|x64.Build.0 = Release|x64
		{193224A2-B271-4BCA-ADA3-A3E726FF9219}.Release|x86.ActiveCfg = Release|Win32
		{193224A2-B271-4BCA-ADA3-A3E726FF9219}.Release|x86.Build.0 = Release|Win32
	EndGlobalSection
	GlobalSection(SolutionProperties) = preSolution
		HideSolutionNode = FALSE
	EndGlobalSection
	GlobalSection(ExtensibilityGlobals) = postSolution
		SolutionGuid = {E536452F-ECAA-44AB-A73A-09FE97ADFEF2}
	EndGlobalSection
EndGlobal
